
Microsoft Visual Studio Solution File, Format Version 12.00
# Visual Studio 15
VisualStudioVersion = 15.0.28307.1267
MinimumVisualStudioVersion = 10.0.40219.1
Project("{FAE04EC0-301F-11D3-BF4B-00C04F79EFBC}") = "ChatServer", "ChatServer\ChatServer.csproj", "{51A0BCE9-E564-450C-89AE-9D9B8254FCDC}"
EndProject
Project("{FAE04EC0-301F-11D3-BF4B-00C04F79EFBC}") = "ChatTest", "ChatTest\ChatTest.csproj", "{57D9D0C4-2CD6-431C-9AC6-E8A720E22CCE}"
EndProject
Global
	GlobalSection(SolutionConfigurationPlatforms) = preSolution
		Debug|Any CPU = Debug|Any CPU
		Release|Any CPU = Release|Any CPU
	EndGlobalSection
	GlobalSection(ProjectConfigurationPlatforms) = postSolution
		{51A0BCE9-E564-450C-89AE-9D9B8254FCDC}.Debug|Any CPU.ActiveCfg = Debug|Any CPU
		{51A0BCE9-E564-450C-89AE-9D9B8254FCDC}.Debug|Any CPU.Build.0 = Debug|Any CPU
		{51A0BCE9-E564-450C-89AE-9D9B8254FCDC}.Release|Any CPU.ActiveCfg = Release|Any CPU
		{51A0BCE9-E564-450C-89AE-9D9B8254FCDC}.Release|Any CPU.Build.0 = Release|Any CPU
		{57D9D0C4-2CD6-431C-9AC6-E8A720E22CCE}.Debug|Any CPU.ActiveCfg = Debug|Any CPU
		{57D9D0C4-2CD6-431C-9AC6-E8A720E22CCE}.Debug|Any CPU.Build.0 = Debug|Any CPU
		{57D9D0C4-2CD6-431C-9AC6-E8A720E22CCE}.Release|Any CPU.ActiveCfg = Release|Any CPU
		{57D9D0C4-2CD6-431C-9AC6-E8A720E22CCE}.Release|Any CPU.Build.0 = Release|Any CPU
	EndGlobalSection
	GlobalSection(SolutionProperties) = preSolution
		HideSolutionNode = FALSE
	EndGlobalSection
	GlobalSection(ExtensibilityGlobals) = postSolution
		SolutionGuid = {37B4F9EF-EBB4-4DFC-AA1B-56AA0ED64B39}
	EndGlobalSection
EndGlobal
